hash: e22870a5f2a487c7bf076f67a96461801d217992bfbc25544ff4dbf01a8902d2
updated: 2018-10-28T11:55:05.567626-03:00
imports:
- name: github.com/go-redis/redis
  version: b3d9bf10f6666b2ee5100a6f3f84f4caf3b4e37d
- name: github.com/satori/go.uuid
  version: f58768cc1a7a7e77a3bd49e98cdd21419399b6a3
- name: github.com/sirupsen/logrus
  version: 458213699411cdceb6fd839a3178be49c01fba54
- name: k8s.io/apimachinery
  version: 103fd098999dc9c0c88536f5c9ad2e5da39373ae
  subpackages:
  - kubernetes
  - tools/clientcmd
- name: k8s.io/client-go
  version: 59698c7d9724b0f95f9dc9e7f7dfdcc3dfeceb82
testImports: []
