hash: b3f8365c713e27485c8ba35bb8cab8a184ff423a813e90e7b1c8660abd3e55f3
updated: 2018-09-26T10:17:58.473589447-03:00
imports:
- name: github.com/go-redis/redis
  version: f3bba01df2026fc865f7782948845db9cf44cf23
- name: k8s.io/apimachinery
  version: 103fd098999dc9c0c88536f5c9ad2e5da39373ae
  subpackages:
  - kubernetes
  - tools/clientcmd
- name: k8s.io/client-go
  version: 59698c7d9724b0f95f9dc9e7f7dfdcc3dfeceb82
testImports: []
